
Microsoft Visual Studio Solution File, Format Version 12.00
# Visual Studio 15
Project("{FAE04EC0-301F-11D3-BF4B-00C04F79EFBC}") = "Assembly-CSharp", "Assembly-CSharp.csproj", "{BC9FC7B4-2853-2C90-D135-CE09FEF67250}"
EndProject
Project("{FAE04EC0-301F-11D3-BF4B-00C04F79EFBC}") = "Assembly-CSharp-Editor", "Assembly-CSharp-Editor.csproj", "{441A918F-695C-114F-FAE6-F4565A1C0C5D}"
EndProject
Global
	GlobalSection(SolutionConfigurationPlatforms) = preSolution
		Debug|Any CPU = Debug|Any CPU
		Release|Any CPU = Release|Any CPU
	EndGlobalSection
	GlobalSection(ProjectConfigurationPlatforms) = postSolution
		{BC9FC7B4-2853-2C90-D135-CE09FEF67250}.Debug|Any CPU.ActiveCfg = Debug|Any CPU
		{BC9FC7B4-2853-2C90-D135-CE09FEF67250}.Debug|Any CPU.Build.0 = Debug|Any CPU
		{BC9FC7B4-2853-2C90-D135-CE09FEF67250}.Release|Any CPU.ActiveCfg = Release|Any CPU
		{BC9FC7B4-2853-2C90-D135-CE09FEF67250}.Release|Any CPU.Build.0 = Release|Any CPU
		{441A918F-695C-114F-FAE6-F4565A1C0C5D}.Debug|Any CPU.ActiveCfg = Debug|Any CPU
		{441A918F-695C-114F-FAE6-F4565A1C0C5D}.Debug|Any CPU.Build.0 = Debug|Any CPU
		{441A918F-695C-114F-FAE6-F4565A1C0C5D}.Release|Any CPU.ActiveCfg = Release|Any CPU
		{441A918F-695C-114F-FAE6-F4565A1C0C5D}.Release|Any CPU.Build.0 = Release|Any CPU
	EndGlobalSection
	GlobalSection(SolutionProperties) = preSolution
		HideSolutionNode = FALSE
	EndGlobalSection
EndGlobal
